Microsoft Visual Studio Solution File, Format Version 11.00
# Visual Studio 2010
Project("{8BC9CEB8-8B4A-11D0-8D11-00A0C91BC942}") = "ALL_BUILD", "ALL_BUILD.vcxproj", "{BD45C669-1F6B-49B9-BF69-9C8B1091CAB0}"
	ProjectSection(ProjectDependencies) = postProject
		{28AB8AD0-ADB0-4A37-8011-6D77B914493F} = {28AB8AD0-ADB0-4A37-8011-6D77B914493F}
		{4C6881DF-604C-43FF-AF1E-3BE5E7DC7AF3} = {4C6881DF-604C-43FF-AF1E-3BE5E7DC7AF3}
		{B2D9CF98-F199-4EC9-94A3-B8E2B6EB0E41} = {B2D9CF98-F199-4EC9-94A3-B8E2B6EB0E41}
		{848BF014-9D37-4F4B-8FDD-69C9FD3413F8} = {848BF014-9D37-4F4B-8FDD-69C9FD3413F8}
	EndProjectSection
EndProject
Project("{8BC9CEB8-8B4A-11D0-8D11-00A0C91BC942}") = "Queue", "bin\Queue.vcxproj", "{28AB8AD0-ADB0-4A37-8011-6D77B914493F}"
	ProjectSection(ProjectDependencies) = postProject
		{848BF014-9D37-4F4B-8FDD-69C9FD3413F8} = {848BF014-9D37-4F4B-8FDD-69C9FD3413F8}
	EndProjectSection
EndProject
Project("{8BC9CEB8-8B4A-11D0-8D11-00A0C91BC942}") = "QueueTest", "test\test_queue\bin\QueueTest.vcxproj", "{4C6881DF-604C-43FF-AF1E-3BE5E7DC7AF3}"
	ProjectSection(ProjectDependencies) = postProject
		{848BF014-9D37-4F4B-8FDD-69C9FD3413F8} = {848BF014-9D37-4F4B-8FDD-69C9FD3413F8}
	EndProjectSection
EndProject
Project("{8BC9CEB8-8B4A-11D0-8D11-00A0C91BC942}") = "RUN_TESTS", "RUN_TESTS.vcxproj", "{802F13B2-2158-4AC0-A462-BC0CCD11848A}"
	ProjectSection(ProjectDependencies) = postProject
	EndProjectSection
EndProject
Project("{8BC9CEB8-8B4A-11D0-8D11-00A0C91BC942}") = "VectorTest", "test\test_vector\bin\VectorTest.vcxproj", "{B2D9CF98-F199-4EC9-94A3-B8E2B6EB0E41}"
	ProjectSection(ProjectDependencies) = postProject
		{848BF014-9D37-4F4B-8FDD-69C9FD3413F8} = {848BF014-9D37-4F4B-8FDD-69C9FD3413F8}
	EndProjectSection
EndProject
Project("{8BC9CEB8-8B4A-11D0-8D11-00A0C91BC942}") = "ZERO_CHECK", "ZERO_CHECK.vcxproj", "{848BF014-9D37-4F4B-8FDD-69C9FD3413F8}"
	ProjectSection(ProjectDependencies) = postProject
	EndProjectSection
EndProject
Global
	GlobalSection(SolutionConfigurationPlatforms) = preSolution
		Debug|Win32 = Debug|Win32
		Release|Win32 = Release|Win32
		MinSizeRel|Win32 = MinSizeRel|Win32
		RelWithDebInfo|Win32 = RelWithDebInfo|Win32
	EndGlobalSection
	GlobalSection(ProjectConfigurationPlatforms) = postSolution
		{BD45C669-1F6B-49B9-BF69-9C8B1091CAB0}.Debug|Win32.ActiveCfg = Debug|Win32
		{BD45C669-1F6B-49B9-BF69-9C8B1091CAB0}.Release|Win32.ActiveCfg = Release|Win32
		{BD45C669-1F6B-49B9-BF69-9C8B1091CAB0}.MinSizeRel|Win32.ActiveCfg = MinSizeRel|Win32
		{BD45C669-1F6B-49B9-BF69-9C8B1091CAB0}.RelWithDebInfo|Win32.ActiveCfg = RelWithDebInfo|Win32
		{28AB8AD0-ADB0-4A37-8011-6D77B914493F}.Debug|Win32.ActiveCfg = Debug|Win32
		{28AB8AD0-ADB0-4A37-8011-6D77B914493F}.Debug|Win32.Build.0 = Debug|Win32
		{28AB8AD0-ADB0-4A37-8011-6D77B914493F}.Release|Win32.ActiveCfg = Release|Win32
		{28AB8AD0-ADB0-4A37-8011-6D77B914493F}.Release|Win32.Build.0 = Release|Win32
		{28AB8AD0-ADB0-4A37-8011-6D77B914493F}.MinSizeRel|Win32.ActiveCfg = MinSizeRel|Win32
		{28AB8AD0-ADB0-4A37-8011-6D77B914493F}.MinSizeRel|Win32.Build.0 = MinSizeRel|Win32
		{28AB8AD0-ADB0-4A37-8011-6D77B914493F}.RelWithDebInfo|Win32.ActiveCfg = RelWithDebInfo|Win32
		{28AB8AD0-ADB0-4A37-8011-6D77B914493F}.RelWithDebInfo|Win32.Build.0 = RelWithDebInfo|Win32
		{4C6881DF-604C-43FF-AF1E-3BE5E7DC7AF3}.Debug|Win32.ActiveCfg = Debug|Win32
		{4C6881DF-604C-43FF-AF1E-3BE5E7DC7AF3}.Debug|Win32.Build.0 = Debug|Win32
		{4C6881DF-604C-43FF-AF1E-3BE5E7DC7AF3}.Release|Win32.ActiveCfg = Release|Win32
		{4C6881DF-604C-43FF-AF1E-3BE5E7DC7AF3}.Release|Win32.Build.0 = Release|Win32
		{4C6881DF-604C-43FF-AF1E-3BE5E7DC7AF3}.MinSizeRel|Win32.ActiveCfg = MinSizeRel|Win32
		{4C6881DF-604C-43FF-AF1E-3BE5E7DC7AF3}.MinSizeRel|Win32.Build.0 = MinSizeRel|Win32
		{4C6881DF-604C-43FF-AF1E-3BE5E7DC7AF3}.RelWithDebInfo|Win32.ActiveCfg = RelWithDebInfo|Win32
		{4C6881DF-604C-43FF-AF1E-3BE5E7DC7AF3}.RelWithDebInfo|Win32.Build.0 = RelWithDebInfo|Win32
		{802F13B2-2158-4AC0-A462-BC0CCD11848A}.Debug|Win32.ActiveCfg = Debug|Win32
		{802F13B2-2158-4AC0-A462-BC0CCD11848A}.Release|Win32.ActiveCfg = Release|Win32
		{802F13B2-2158-4AC0-A462-BC0CCD11848A}.MinSizeRel|Win32.ActiveCfg = MinSizeRel|Win32
		{802F13B2-2158-4AC0-A462-BC0CCD11848A}.RelWithDebInfo|Win32.ActiveCfg = RelWithDebInfo|Win32
		{B2D9CF98-F199-4EC9-94A3-B8E2B6EB0E41}.Debug|Win32.ActiveCfg = Debug|Win32
		{B2D9CF98-F199-4EC9-94A3-B8E2B6EB0E41}.Debug|Win32.Build.0 = Debug|Win32
		{B2D9CF98-F199-4EC9-94A3-B8E2B6EB0E41}.Release|Win32.ActiveCfg = Release|Win32
		{B2D9CF98-F199-4EC9-94A3-B8E2B6EB0E41}.Release|Win32.Build.0 = Release|Win32
		{B2D9CF98-F199-4EC9-94A3-B8E2B6EB0E41}.MinSizeRel|Win32.ActiveCfg = MinSizeRel|Win32
		{B2D9CF98-F199-4EC9-94A3-B8E2B6EB0E41}.MinSizeRel|Win32.Build.0 = MinSizeRel|Win32
		{B2D9CF98-F199-4EC9-94A3-B8E2B6EB0E41}.RelWithDebInfo|Win32.ActiveCfg = RelWithDebInfo|Win32
		{B2D9CF98-F199-4EC9-94A3-B8E2B6EB0E41}.RelWithDebInfo|Win32.Build.0 = RelWithDebInfo|Win32
		{848BF014-9D37-4F4B-8FDD-69C9FD3413F8}.Debug|Win32.ActiveCfg = Debug|Win32
		{848BF014-9D37-4F4B-8FDD-69C9FD3413F8}.Debug|Win32.Build.0 = Debug|Win32
		{848BF014-9D37-4F4B-8FDD-69C9FD3413F8}.Release|Win32.ActiveCfg = Release|Win32
		{848BF014-9D37-4F4B-8FDD-69C9FD3413F8}.Release|Win32.Build.0 = Release|Win32
		{848BF014-9D37-4F4B-8FDD-69C9FD3413F8}.MinSizeRel|Win32.ActiveCfg = MinSizeRel|Win32
		{848BF014-9D37-4F4B-8FDD-69C9FD3413F8}.MinSizeRel|Win32.Build.0 = MinSizeRel|Win32
		{848BF014-9D37-4F4B-8FDD-69C9FD3413F8}.RelWithDebInfo|Win32.ActiveCfg = RelWithDebInfo|Win32
		{848BF014-9D37-4F4B-8FDD-69C9FD3413F8}.RelWithDebInfo|Win32.Build.0 = RelWithDebInfo|Win32
	EndGlobalSection
	GlobalSection(ExtensibilityGlobals) = postSolution
	EndGlobalSection
	GlobalSection(ExtensibilityAddIns) = postSolution
	EndGlobalSection
EndGlobal
