Microsoft Visual Studio Solution File, Format Version 11.00
# Visual Studio 2010
Project("{8BC9CEB8-8B4A-11D0-8D11-00A0C91BC942}") = "ALL_BUILD", "ALL_BUILD.vcxproj", "{87425D62-3300-4F80-BB83-F643264E5F86}"
	ProjectSection(ProjectDependencies) = postProject
		{EB763C65-3356-47A2-A747-0E3AB20FF352} = {EB763C65-3356-47A2-A747-0E3AB20FF352}
		{3AD36DAC-D864-4DCC-B8FF-0B54110E0C47} = {3AD36DAC-D864-4DCC-B8FF-0B54110E0C47}
		{B8DA30C5-45B1-4D09-BA2B-30F694A271D3} = {B8DA30C5-45B1-4D09-BA2B-30F694A271D3}
		{8D7F1BCF-56CB-474B-8576-8C930F55BCA5} = {8D7F1BCF-56CB-474B-8576-8C930F55BCA5}
	EndProjectSection
EndProject
Project("{8BC9CEB8-8B4A-11D0-8D11-00A0C91BC942}") = "Queue", "bin\Queue.vcxproj", "{EB763C65-3356-47A2-A747-0E3AB20FF352}"
	ProjectSection(ProjectDependencies) = postProject
		{8D7F1BCF-56CB-474B-8576-8C930F55BCA5} = {8D7F1BCF-56CB-474B-8576-8C930F55BCA5}
	EndProjectSection
EndProject
Project("{8BC9CEB8-8B4A-11D0-8D11-00A0C91BC942}") = "QueueTest", "test\test_queue\bin\QueueTest.vcxproj", "{3AD36DAC-D864-4DCC-B8FF-0B54110E0C47}"
	ProjectSection(ProjectDependencies) = postProject
		{8D7F1BCF-56CB-474B-8576-8C930F55BCA5} = {8D7F1BCF-56CB-474B-8576-8C930F55BCA5}
	EndProjectSection
EndProject
Project("{8BC9CEB8-8B4A-11D0-8D11-00A0C91BC942}") = "RUN_TESTS", "RUN_TESTS.vcxproj", "{3E8C1790-0741-4513-8961-A3D60FD9F3FF}"
EndProject
Project("{8BC9CEB8-8B4A-11D0-8D11-00A0C91BC942}") = "VectorTest", "test\test_vector\bin\VectorTest.vcxproj", "{B8DA30C5-45B1-4D09-BA2B-30F694A271D3}"
	ProjectSection(ProjectDependencies) = postProject
		{6407D1BA-0C4D-4903-8BE8-728547FE1BBE} = {6407D1BA-0C4D-4903-8BE8-728547FE1BBE}
		{8D7F1BCF-56CB-474B-8576-8C930F55BCA5} = {8D7F1BCF-56CB-474B-8576-8C930F55BCA5}
	EndProjectSection
EndProject
Project("{8BC9CEB8-8B4A-11D0-8D11-00A0C91BC942}") = "ZERO_CHECK", "ZERO_CHECK.vcxproj", "{8D7F1BCF-56CB-474B-8576-8C930F55BCA5}"
EndProject
Project("{8BC9CEB8-8B4A-11D0-8D11-00A0C91BC942}") = "cppunit_dll", "cppunit-1.13.2\src\cppunit\cppunit_dll.vcxproj", "{6407D1BA-0C4D-4903-8BE8-728547FE1BBE}"
EndProject
Global
	GlobalSection(SolutionConfigurationPlatforms) = preSolution
		Debug|Win32 = Debug|Win32
		MinSizeRel|Win32 = MinSizeRel|Win32
		Release|Win32 = Release|Win32
		RelWithDebInfo|Win32 = RelWithDebInfo|Win32
	EndGlobalSection
	GlobalSection(ProjectConfigurationPlatforms) = postSolution
		{87425D62-3300-4F80-BB83-F643264E5F86}.Debug|Win32.ActiveCfg = Debug|Win32
		{87425D62-3300-4F80-BB83-F643264E5F86}.MinSizeRel|Win32.ActiveCfg = MinSizeRel|Win32
		{87425D62-3300-4F80-BB83-F643264E5F86}.Release|Win32.ActiveCfg = Release|Win32
		{87425D62-3300-4F80-BB83-F643264E5F86}.RelWithDebInfo|Win32.ActiveCfg = RelWithDebInfo|Win32
		{EB763C65-3356-47A2-A747-0E3AB20FF352}.Debug|Win32.ActiveCfg = Debug|Win32
		{EB763C65-3356-47A2-A747-0E3AB20FF352}.Debug|Win32.Build.0 = Debug|Win32
		{EB763C65-3356-47A2-A747-0E3AB20FF352}.MinSizeRel|Win32.ActiveCfg = MinSizeRel|Win32
		{EB763C65-3356-47A2-A747-0E3AB20FF352}.MinSizeRel|Win32.Build.0 = MinSizeRel|Win32
		{EB763C65-3356-47A2-A747-0E3AB20FF352}.Release|Win32.ActiveCfg = Release|Win32
		{EB763C65-3356-47A2-A747-0E3AB20FF352}.Release|Win32.Build.0 = Release|Win32
		{EB763C65-3356-47A2-A747-0E3AB20FF352}.RelWithDebInfo|Win32.ActiveCfg = RelWithDebInfo|Win32
		{EB763C65-3356-47A2-A747-0E3AB20FF352}.RelWithDebInfo|Win32.Build.0 = RelWithDebInfo|Win32
		{3AD36DAC-D864-4DCC-B8FF-0B54110E0C47}.Debug|Win32.ActiveCfg = Debug|Win32
		{3AD36DAC-D864-4DCC-B8FF-0B54110E0C47}.Debug|Win32.Build.0 = Debug|Win32
		{3AD36DAC-D864-4DCC-B8FF-0B54110E0C47}.MinSizeRel|Win32.ActiveCfg = MinSizeRel|Win32
		{3AD36DAC-D864-4DCC-B8FF-0B54110E0C47}.MinSizeRel|Win32.Build.0 = MinSizeRel|Win32
		{3AD36DAC-D864-4DCC-B8FF-0B54110E0C47}.Release|Win32.ActiveCfg = Release|Win32
		{3AD36DAC-D864-4DCC-B8FF-0B54110E0C47}.Release|Win32.Build.0 = Release|Win32
		{3AD36DAC-D864-4DCC-B8FF-0B54110E0C47}.RelWithDebInfo|Win32.ActiveCfg = RelWithDebInfo|Win32
		{3AD36DAC-D864-4DCC-B8FF-0B54110E0C47}.RelWithDebInfo|Win32.Build.0 = RelWithDebInfo|Win32
		{3E8C1790-0741-4513-8961-A3D60FD9F3FF}.Debug|Win32.ActiveCfg = Debug|Win32
		{3E8C1790-0741-4513-8961-A3D60FD9F3FF}.MinSizeRel|Win32.ActiveCfg = MinSizeRel|Win32
		{3E8C1790-0741-4513-8961-A3D60FD9F3FF}.Release|Win32.ActiveCfg = Release|Win32
		{3E8C1790-0741-4513-8961-A3D60FD9F3FF}.RelWithDebInfo|Win32.ActiveCfg = RelWithDebInfo|Win32
		{B8DA30C5-45B1-4D09-BA2B-30F694A271D3}.Debug|Win32.ActiveCfg = Debug|Win32
		{B8DA30C5-45B1-4D09-BA2B-30F694A271D3}.Debug|Win32.Build.0 = Debug|Win32
		{B8DA30C5-45B1-4D09-BA2B-30F694A271D3}.MinSizeRel|Win32.ActiveCfg = MinSizeRel|Win32
		{B8DA30C5-45B1-4D09-BA2B-30F694A271D3}.MinSizeRel|Win32.Build.0 = MinSizeRel|Win32
		{B8DA30C5-45B1-4D09-BA2B-30F694A271D3}.Release|Win32.ActiveCfg = Release|Win32
		{B8DA30C5-45B1-4D09-BA2B-30F694A271D3}.Release|Win32.Build.0 = Release|Win32
		{B8DA30C5-45B1-4D09-BA2B-30F694A271D3}.RelWithDebInfo|Win32.ActiveCfg = RelWithDebInfo|Win32
		{B8DA30C5-45B1-4D09-BA2B-30F694A271D3}.RelWithDebInfo|Win32.Build.0 = RelWithDebInfo|Win32
		{8D7F1BCF-56CB-474B-8576-8C930F55BCA5}.Debug|Win32.ActiveCfg = Debug|Win32
		{8D7F1BCF-56CB-474B-8576-8C930F55BCA5}.Debug|Win32.Build.0 = Debug|Win32
		{8D7F1BCF-56CB-474B-8576-8C930F55BCA5}.MinSizeRel|Win32.ActiveCfg = MinSizeRel|Win32
		{8D7F1BCF-56CB-474B-8576-8C930F55BCA5}.MinSizeRel|Win32.Build.0 = MinSizeRel|Win32
		{8D7F1BCF-56CB-474B-8576-8C930F55BCA5}.Release|Win32.ActiveCfg = Release|Win32
		{8D7F1BCF-56CB-474B-8576-8C930F55BCA5}.Release|Win32.Build.0 = Release|Win32
		{8D7F1BCF-56CB-474B-8576-8C930F55BCA5}.RelWithDebInfo|Win32.ActiveCfg = RelWithDebInfo|Win32
		{8D7F1BCF-56CB-474B-8576-8C930F55BCA5}.RelWithDebInfo|Win32.Build.0 = RelWithDebInfo|Win32
		{6407D1BA-0C4D-4903-8BE8-728547FE1BBE}.Debug|Win32.ActiveCfg = Debug|Win32
		{6407D1BA-0C4D-4903-8BE8-728547FE1BBE}.Debug|Win32.Build.0 = Debug|Win32
		{6407D1BA-0C4D-4903-8BE8-728547FE1BBE}.MinSizeRel|Win32.ActiveCfg = Release|Win32
		{6407D1BA-0C4D-4903-8BE8-728547FE1BBE}.MinSizeRel|Win32.Build.0 = Release|Win32
		{6407D1BA-0C4D-4903-8BE8-728547FE1BBE}.Release|Win32.ActiveCfg = Release|Win32
		{6407D1BA-0C4D-4903-8BE8-728547FE1BBE}.Release|Win32.Build.0 = Release|Win32
		{6407D1BA-0C4D-4903-8BE8-728547FE1BBE}.RelWithDebInfo|Win32.ActiveCfg = Release|Win32
		{6407D1BA-0C4D-4903-8BE8-728547FE1BBE}.RelWithDebInfo|Win32.Build.0 = Release|Win32
	EndGlobalSection
	GlobalSection(SolutionProperties) = preSolution
		HideSolutionNode = FALSE
	EndGlobalSection
EndGlobal
